<?xml version="1.0" encoding="utf-8"?>
<Project ToolsVersion="4.0" xmlns="http://schemas.microsoft.com/developer/msbuild/2003">
  <ItemGroup>
    <Filter Include="Source Files">
      <UniqueIdentifier>{4FC737F1-C7A5-4376-A066-2A32D752A2FF}</UniqueIdentifier>
      <Extensions>cpp;c;cc;cxx;c++;cppm;ixx;def;odl;idl;hpj;bat;asm;asmx</Extensions>
    </Filter>
    <Filter Include="Header Files">
      <UniqueIdentifier>{93995380-89BD-4b04-88EB-625FBE52EBFB}</UniqueIdentifier>
      <Extensions>h;hh;hpp;hxx;h++;hm;inl;inc;ipp;xsd</Extensions>
    </Filter>
    <Filter Include="Header Files\ImGui">
      <UniqueIdentifier>{07d189a5-c5db-4f11-b241-6e472dea3342}</UniqueIdentifier>
    </Filter>
    <Filter Include="Header Files\Renderers">
      <UniqueIdentifier>{75f5e640-21bc-4612-98fe-8b023cce93b5}</UniqueIdentifier>
    </Filter>
    <Filter Include="Header Files\Camera">
      <UniqueIdentifier>{b5e554c1-69f5-4de3-b285-98661de25c25}</UniqueIdentifier>
    </Filter>
    <Filter Include="Header Files\InputManager">
      <UniqueIdentifier>{7ed93721-316e-48ab-b4ba-2b0e0832c1fd}</UniqueIdentifier>
    </Filter>
    <Filter Include="Header Files\Transform">
      <UniqueIdentifier>{2112289d-a2de-44ce-a799-7a18bf435c4a}</UniqueIdentifier>
    </Filter>
    <Filter Include="Source Files\Vk">
      <UniqueIdentifier>{7ef85353-c567-418a-b501-6554ef5913af}</UniqueIdentifier>
    </Filter>
    <Filter Include="Source Files\Camera">
      <UniqueIdentifier>{af3cd04f-3122-43e5-bd5e-67c06d9d080f}</UniqueIdentifier>
    </Filter>
    <Filter Include="Source Files\Imgui">
      <UniqueIdentifier>{fa5ab306-8b45-4cca-984c-a83671bfcc33}</UniqueIdentifier>
    </Filter>
    <Filter Include="Source Files\Texture">
      <UniqueIdentifier>{b3d7b1d1-bb6a-4412-87de-4c59a0f04152}</UniqueIdentifier>
    </Filter>
    <Filter Include="Source Files\Texture\ktx">
      <UniqueIdentifier>{cf9a38cd-dc23-440a-b902-8aedf27f0e82}</UniqueIdentifier>
    </Filter>
    <Filter Include="Header Files\ClassReflection">
      <UniqueIdentifier>{7ee56ee3-1b49-4bf1-9190-52f67e549e9a}</UniqueIdentifier>
    </Filter>
    <Filter Include="Header Files\VkCore">
      <UniqueIdentifier>{050df9e2-4ba4-4754-968c-a8463ad0b466}</UniqueIdentifier>
    </Filter>
    <Filter Include="Header Files\VkCore\Image">
      <UniqueIdentifier>{5e429a0f-ecd8-49e1-b89e-0dc9a5735d32}</UniqueIdentifier>
    </Filter>
    <Filter Include="Header Files\VkCore\Manager">
      <UniqueIdentifier>{1fa29324-aebf-40f4-875c-e4e74000d785}</UniqueIdentifier>
    </Filter>
    <Filter Include="Header Files\VkCore\MetaInfo">
      <UniqueIdentifier>{2c63d6e7-3e17-485f-8f57-8bd79d071f9f}</UniqueIdentifier>
    </Filter>
    <Filter Include="Header Files\VkCore\SynObject">
      <UniqueIdentifier>{70086fdb-0c78-4653-8953-78c3d7cda2c5}</UniqueIdentifier>
    </Filter>
    <Filter Include="Header Files\VkCore\Renderpass">
      <UniqueIdentifier>{77ebdef1-73e8-4ecf-9a5c-d43d38d375c9}</UniqueIdentifier>
    </Filter>
    <Filter Include="Header Files\VkCore\Renderpass\Subpass">
      <UniqueIdentifier>{03e2b732-def7-44e6-ab0b-db8695c340ad}</UniqueIdentifier>
    </Filter>
    <Filter Include="Header Files\VkCore\Pipeline">
      <UniqueIdentifier>{e9637d47-0acd-40dd-9f81-6c7b04b93e07}</UniqueIdentifier>
    </Filter>
    <Filter Include="Header Files\VkCore\Texture">
      <UniqueIdentifier>{14e10ad6-753a-4943-b6a2-84e8180379c5}</UniqueIdentifier>
    </Filter>
    <Filter Include="Header Files\VkCore\Buffer">
      <UniqueIdentifier>{80108865-5e6c-4dd2-a2cb-94d1d34c3b0b}</UniqueIdentifier>
    </Filter>
    <Filter Include="Header Files\VkCore\Utility">
      <UniqueIdentifier>{9ae9cd69-b0ee-4d5d-80c3-f3047a54fb5c}</UniqueIdentifier>
    </Filter>
    <Filter Include="Header Files\VkCore\Shaders">
      <UniqueIdentifier>{d3b66d4d-7c34-4f44-b77d-580f65250ab5}</UniqueIdentifier>
    </Filter>
    <Filter Include="Header Files\VkCore\Graphics">
      <UniqueIdentifier>{0036ff2e-7b97-4a3b-a3ff-6bbb27fb9e21}</UniqueIdentifier>
    </Filter>
    <Filter Include="Header Files\VkCore\ManagerBundle">
      <UniqueIdentifier>{3e228370-f60b-41c1-870d-221fae526eea}</UniqueIdentifier>
    </Filter>
    <Filter Include="Header Files\VkCore\FactoryBundle">
      <UniqueIdentifier>{48027839-4b07-4d3b-8654-21e488ac2b10}</UniqueIdentifier>
    </Filter>
    <Filter Include="Header Files\VkCore\Instance">
      <UniqueIdentifier>{d20c7714-7583-45ec-b3f6-0f055b974ccb}</UniqueIdentifier>
    </Filter>
    <Filter Include="Header Files\VkCore\Window">
      <UniqueIdentifier>{130f1273-f494-469a-9bde-5e534059bbc2}</UniqueIdentifier>
    </Filter>
    <Filter Include="Source Files\Input">
      <UniqueIdentifier>{ae5b6b2e-5ee4-4fa0-8ce3-95430c8e6c39}</UniqueIdentifier>
    </Filter>
    <Filter Include="Header Files\VkCore\Model">
      <UniqueIdentifier>{0259e414-9277-4b81-bdea-a55419c5eb68}</UniqueIdentifier>
    </Filter>
    <Filter Include="Header Files\VkCore\Material">
      <UniqueIdentifier>{951d0054-173c-4ce0-8dc4-e4644dbe8303}</UniqueIdentifier>
    </Filter>
    <Filter Include="Header Files\Bindable">
      <UniqueIdentifier>{e93a7891-d982-45b7-8e85-9b416c4fa7c7}</UniqueIdentifier>
    </Filter>
    <Filter Include="Header Files\VkCore\Image\Images">
      <UniqueIdentifier>{12c84fa1-9bd4-45ac-b3c2-d7cc31e83a6d}</UniqueIdentifier>
    </Filter>
    <Filter Include="Header Files\VkCore\Buffer\Useless">
      <UniqueIdentifier>{4ae0b0e4-f918-421a-87f2-cbb2946fae32}</UniqueIdentifier>
    </Filter>
    <Filter Include="Header Files\VkCore\Image\Useless">
      <UniqueIdentifier>{4eac263f-6f67-40e5-8b6d-c3bdfc90625b}</UniqueIdentifier>
    </Filter>
    <Filter Include="Header Files\VkCore\Image\Useless\ImageFactory">
      <UniqueIdentifier>{8de3d23e-9c52-4f77-b328-710ca9b36907}</UniqueIdentifier>
    </Filter>
    <Filter Include="Header Files\VkCore\Math">
      <UniqueIdentifier>{082cb941-d1b6-4163-912b-38522e15c6ce}</UniqueIdentifier>
    </Filter>
    <Filter Include="Header Files\WindowsSubsys">
      <UniqueIdentifier>{780af6da-ed66-405c-bafa-42bcb6e70e78}</UniqueIdentifier>
    </Filter>
    <Filter Include="Header Files\Application">
      <UniqueIdentifier>{afaf6a75-9888-4bd6-9cb7-776f28253b48}</UniqueIdentifier>
    </Filter>
    <Filter Include="Header Files\VkCore\Pipeline\ParameterPack">
      <UniqueIdentifier>{faf8b4ec-19e7-46f3-b401-5c3cff444360}</UniqueIdentifier>
    </Filter>
  </ItemGroup>
  <ItemGroup>
    <ClCompile Include="base\App.cpp">
      <Filter>Source Files</Filter>
    </ClCompile>
    <ClCompile Include="base\BaseRenderer.cpp">
      <Filter>Source Files</Filter>
    </ClCompile>
    <ClCompile Include="base\ModelLoader.cpp">
      <Filter>Source Files</Filter>
    </ClCompile>
    <ClCompile Include="base\Transform.cpp">
      <Filter>Source Files</Filter>
    </ClCompile>
    <ClCompile Include="base\GltfModel.cpp">
      <Filter>Source Files</Filter>
    </ClCompile>
    <ClCompile Include="base\VkBufferBase.cpp">
      <Filter>Source Files\Vk</Filter>
    </ClCompile>
    <ClCompile Include="base\VkCommandManager.cpp">
      <Filter>Source Files\Vk</Filter>
    </ClCompile>
    <ClCompile Include="base\VkDescriptorManager.cpp">
      <Filter>Source Files\Vk</Filter>
    </ClCompile>
    <ClCompile Include="base\VkDeviceManager.cpp">
      <Filter>Source Files\Vk</Filter>
    </ClCompile>
    <ClCompile Include="base\VkExtensionUtility.cpp">
      <Filter>Source Files\Vk</Filter>
    </ClCompile>
    <ClCompile Include="base\VkGeneralPurposeImage.cpp">
      <Filter>Source Files\Vk</Filter>
    </ClCompile>
    <ClCompile Include="base\VkImgui.cpp">
      <Filter>Source Files\Vk</Filter>
    </ClCompile>
    <ClCompile Include="base\VkInstanceWrapper.cpp">
      <Filter>Source Files\Vk</Filter>
    </ClCompile>
    <ClCompile Include="base\VkMemoryManager.cpp">
      <Filter>Source Files\Vk</Filter>
    </ClCompile>
    <ClCompile Include="base\VkPipelineWrapper.cpp">
      <Filter>Source Files\Vk</Filter>
    </ClCompile>
    <ClCompile Include="base\VkSwapchainManager.cpp">
      <Filter>Source Files\Vk</Filter>
    </ClCompile>
    <ClCompile Include="base\VkTexture.cpp">
      <Filter>Source Files\Vk</Filter>
    </ClCompile>
    <ClCompile Include="base\VkUniformBuffer.cpp">
      <Filter>Source Files\Vk</Filter>
    </ClCompile>
    <ClCompile Include="base\VkValidationUtility.cpp">
      <Filter>Source Files\Vk</Filter>
    </ClCompile>
    <ClCompile Include="base\VkWindows.cpp">
      <Filter>Source Files\Vk</Filter>
    </ClCompile>
    <ClCompile Include="base\Camera.cpp">
      <Filter>Source Files\Camera</Filter>
    </ClCompile>
    <ClCompile Include="base\FirstPersonCamera.cpp">
      <Filter>Source Files\Camera</Filter>
    </ClCompile>
    <ClCompile Include="base\imgui.cpp">
      <Filter>Source Files\Imgui</Filter>
    </ClCompile>
    <ClCompile Include="base\imgui_demo.cpp">
      <Filter>Source Files\Imgui</Filter>
    </ClCompile>
    <ClCompile Include="base\imgui_draw.cpp">
      <Filter>Source Files\Imgui</Filter>
    </ClCompile>
    <ClCompile Include="base\imgui_impl_glfw.cpp">
      <Filter>Source Files\Imgui</Filter>
    </ClCompile>
    <ClCompile Include="base\imgui_impl_vulkan.cpp">
      <Filter>Source Files\Imgui</Filter>
    </ClCompile>
    <ClCompile Include="base\imgui_tables.cpp">
      <Filter>Source Files\Imgui</Filter>
    </ClCompile>
    <ClCompile Include="base\imgui_widgets.cpp">
      <Filter>Source Files\Imgui</Filter>
    </ClCompile>
    <ClCompile Include="..\..\..\vulkanExample\Vulkan\external\ktx\lib\checkheader.c">
      <Filter>Source Files\Texture\ktx</Filter>
    </ClCompile>
    <ClCompile Include="..\..\..\vulkanExample\Vulkan\external\ktx\lib\filestream.c">
      <Filter>Source Files\Texture\ktx</Filter>
    </ClCompile>
    <ClCompile Include="..\..\..\vulkanExample\Vulkan\external\ktx\lib\hashlist.c">
      <Filter>Source Files\Texture\ktx</Filter>
    </ClCompile>
    <ClCompile Include="..\..\..\vulkanExample\Vulkan\external\ktx\lib\memstream.c">
      <Filter>Source Files\Texture\ktx</Filter>
    </ClCompile>
    <ClCompile Include="..\..\..\vulkanExample\Vulkan\external\ktx\lib\texture.c">
      <Filter>Source Files\Texture\ktx</Filter>
    </ClCompile>
    <ClCompile Include="..\..\..\vulkanExample\Vulkan\external\ktx\lib\swap.c">
      <Filter>Source Files\Texture\ktx</Filter>
    </ClCompile>
    <ClCompile Include="base\VkRenderpassManager.cpp">
      <Filter>Source Files\Vk</Filter>
    </ClCompile>
    <ClCompile Include="base\VkSubpassWrapper.cpp">
      <Filter>Source Files\Vk</Filter>
    </ClCompile>
    <ClCompile Include="base\VkRenderpassWrapper.cpp">
      <Filter>Source Files\Vk</Filter>
    </ClCompile>
    <ClCompile Include="base\VkPipelineBuilder.cpp">
      <Filter>Source Files\Vk</Filter>
    </ClCompile>
    <ClCompile Include="base\VkImageFactory.cpp">
      <Filter>Source Files\Vk</Filter>
    </ClCompile>
    <ClCompile Include="base\VkSwapchainImage.cpp">
      <Filter>Source Files\Vk</Filter>
    </ClCompile>
    <ClCompile Include="base\VkMetaInfo.cpp">
      <Filter>Source Files\Vk</Filter>
    </ClCompile>
    <ClCompile Include="base\VkAttachmentInfo.cpp">
      <Filter>Source Files\Vk</Filter>
    </ClCompile>
    <ClCompile Include="base\VkSynObjectFactory.cpp">
      <Filter>Source Files\Vk</Filter>
    </ClCompile>
    <ClCompile Include="base\VkImageBase.cpp">
      <Filter>Source Files\Vk</Filter>
    </ClCompile>
    <ClCompile Include="base\VkSynObjectBundleBase.cpp">
      <Filter>Source Files\Vk</Filter>
    </ClCompile>
    <ClCompile Include="base\VkPipelinePP.cpp">
      <Filter>Source Files\Vk</Filter>
    </ClCompile>
    <ClCompile Include="base\VkSubpassFactory.cpp">
      <Filter>Source Files\Vk</Filter>
    </ClCompile>
    <ClCompile Include="base\VkSemaphoreBundle.cpp">
      <Filter>Source Files\Vk</Filter>
    </ClCompile>
    <ClCompile Include="base\VkFenceBundle.cpp">
      <Filter>Source Files\Vk</Filter>
    </ClCompile>
    <ClCompile Include="base\VkModelFactory.cpp">
      <Filter>Source Files\Vk</Filter>
    </ClCompile>
    <ClCompile Include="base\VkImageBundle.cpp">
      <Filter>Source Files\Vk</Filter>
    </ClCompile>
    <ClCompile Include="base\VkTextureFactory.cpp">
      <Filter>Source Files\Vk</Filter>
    </ClCompile>
    <ClCompile Include="base\Vk.cpp">
      <Filter>Source Files\Vk</Filter>
    </ClCompile>
    <ClCompile Include="base\VkGraphicsComponent.cpp">
      <Filter>Source Files\Vk</Filter>
    </ClCompile>
    <ClCompile Include="base\VkBufferFactory.cpp">
      <Filter>Source Files\Vk</Filter>
    </ClCompile>
    <ClCompile Include="base\VkBufferBundle.cpp">
      <Filter>Source Files\Vk</Filter>
    </ClCompile>
    <ClCompile Include="base\VkPipelineManager.cpp">
      <Filter>Source Files\Vk</Filter>
    </ClCompile>
    <ClCompile Include="base\VkStagingBuffer.cpp">
      <Filter>Source Files\Vk</Filter>
    </ClCompile>
    <ClCompile Include="base\VkRenderpassBase.cpp">
      <Filter>Source Files\Vk</Filter>
    </ClCompile>
    <ClCompile Include="base\VkFactoryBundle.cpp">
      <Filter>Source Files\Vk</Filter>
    </ClCompile>
    <ClCompile Include="base\VkManagerBundle.cpp">
      <Filter>Source Files\Vk</Filter>
    </ClCompile>
    <ClCompile Include="base\VkMaterial.cpp">
      <Filter>Source Files\Vk</Filter>
    </ClCompile>
    <ClCompile Include="base\VkShaderManager.cpp">
      <Filter>Source Files\Vk</Filter>
    </ClCompile>
    <ClCompile Include="base\MouseInputManager.cpp">
      <Filter>Source Files\Input</Filter>
    </ClCompile>
    <ClCompile Include="base\KeyBoardInputManager.cpp">
      <Filter>Source Files\Input</Filter>
    </ClCompile>
    <ClCompile Include="base\NonPbrMaterial.cpp">
      <Filter>Source Files\Vk</Filter>
    </ClCompile>
    <ClCompile Include="base\ModelStrcture.cpp">
      <Filter>Source Files\Vk</Filter>
    </ClCompile>
    <ClCompile Include="base\Bindable.cpp">
      <Filter>Source Files</Filter>
    </ClCompile>
    <ClCompile Include="base\VkShaderWrapper.cpp">
      <Filter>Source Files\Vk</Filter>
    </ClCompile>
    <ClCompile Include="base\VkBufferCI.cpp">
      <Filter>Source Files\Vk</Filter>
    </ClCompile>
    <ClCompile Include="base\ImageParameterPack.cpp">
      <Filter>Source Files</Filter>
    </ClCompile>
    <ClCompile Include="base\VkMath.cpp">
      <Filter>Source Files</Filter>
    </ClCompile>
    <ClCompile Include="Source.cpp">
      <Filter>Source Files</Filter>
    </ClCompile>
    <ClCompile Include="base\ImguiPipePP.cpp">
      <Filter>Source Files\Imgui</Filter>
    </ClCompile>
    <ClCompile Include="base\ForwardShadingPipelinePP.cpp">
      <Filter>Source Files\Vk</Filter>
    </ClCompile>
    <ClCompile Include="base\PbrMaterialMetallic.cpp">
      <Filter>Source Files\Vk</Filter>
    </ClCompile>
  </ItemGroup>
  <ItemGroup>
    <ClInclude Include="base\include\Camera.h">
      <Filter>Header Files\Camera</Filter>
    </ClInclude>
    <ClInclude Include="base\include\BaseRenderer.h">
      <Filter>Header Files\Renderers</Filter>
    </ClInclude>
    <ClInclude Include="base\include\ModelLoader.h">
      <Filter>Header Files\VkCore\Model</Filter>
    </ClInclude>
    <ClInclude Include="base\include\VkModel.h">
      <Filter>Header Files\VkCore\Model</Filter>
    </ClInclude>
    <ClInclude Include="base\include\MouseInputManager.h">
      <Filter>Header Files\InputManager</Filter>
    </ClInclude>
    <ClInclude Include="base\include\KeyBoardInputManager.h">
      <Filter>Header Files\InputManager</Filter>
    </ClInclude>
    <ClInclude Include="base\include\Transform.h">
      <Filter>Header Files\Transform</Filter>
    </ClInclude>
    <ClInclude Include="base\include\FirstPersonCamera.h">
      <Filter>Header Files\Camera</Filter>
    </ClInclude>
    <ClInclude Include="base\include\VkShaderManager.h">
      <Filter>Header Files\VkCore\Shaders</Filter>
    </ClInclude>
    <ClInclude Include="base\include\VkMemoryManager.h">
      <Filter>Header Files\VkCore</Filter>
    </ClInclude>
    <ClInclude Include="base\include\GltfModel.h">
      <Filter>Header Files\VkCore\Model</Filter>
    </ClInclude>
    <ClInclude Include="base\include\VkTexture.h">
      <Filter>Header Files\VkCore\Texture</Filter>
    </ClInclude>
    <ClInclude Include="base\include\Geometry.h">
      <Filter>Header Files\VkCore\Model</Filter>
    </ClInclude>
    <ClInclude Include="base\include\imgui_impl_vulkan.h">
      <Filter>Header Files\ImGui</Filter>
    </ClInclude>
    <ClInclude Include="base\include\imgui_internal.h">
      <Filter>Header Files\ImGui</Filter>
    </ClInclude>
    <ClInclude Include="base\include\imstb_rectpack.h">
      <Filter>Header Files\ImGui</Filter>
    </ClInclude>
    <ClInclude Include="base\include\imstb_textedit.h">
      <Filter>Header Files\ImGui</Filter>
    </ClInclude>
    <ClInclude Include="base\include\imstb_truetype.h">
      <Filter>Header Files\ImGui</Filter>
    </ClInclude>
    <ClInclude Include="base\include\imconfig.h">
      <Filter>Header Files\ImGui</Filter>
    </ClInclude>
    <ClInclude Include="base\include\imgui.h">
      <Filter>Header Files\ImGui</Filter>
    </ClInclude>
    <ClInclude Include="base\include\imgui_impl_glfw.h">
      <Filter>Header Files\ImGui</Filter>
    </ClInclude>
    <ClInclude Include="base\include\VkImageFactory.h">
      <Filter>Header Files\VkCore\Image</Filter>
    </ClInclude>
    <ClInclude Include="base\include\VkImageBase.h">
      <Filter>Header Files\VkCore\Image</Filter>
    </ClInclude>
    <ClInclude Include="base\include\VkSynObjectFactory.h">
      <Filter>Header Files\VkCore\SynObject</Filter>
    </ClInclude>
    <ClInclude Include="base\include\VkSynObjectBundleBase.h">
      <Filter>Header Files\VkCore\SynObject</Filter>
    </ClInclude>
    <ClInclude Include="base\include\VkUniformBuffer.h">
      <Filter>Header Files\VkCore\Buffer\Useless</Filter>
    </ClInclude>
    <ClInclude Include="base\include\VkFenceBundle.h">
      <Filter>Header Files\VkCore\SynObject</Filter>
    </ClInclude>
    <ClInclude Include="base\include\VkSemaphoreBundle.h">
      <Filter>Header Files\VkCore\SynObject</Filter>
    </ClInclude>
    <ClInclude Include="base\include\VkModelFactory.h">
      <Filter>Header Files\VkCore\Model</Filter>
    </ClInclude>
    <ClInclude Include="base\include\VkDeviceManager.h">
      <Filter>Header Files\VkCore\Manager</Filter>
    </ClInclude>
    <ClInclude Include="base\include\VkDescriptorManager.h">
      <Filter>Header Files\VkCore\Manager</Filter>
    </ClInclude>
    <ClInclude Include="base\include\VkCommandManager.h">
      <Filter>Header Files\VkCore\Manager</Filter>
    </ClInclude>
    <ClInclude Include="base\include\VkAttachmentInfo.h">
      <Filter>Header Files\VkCore\MetaInfo</Filter>
    </ClInclude>
    <ClInclude Include="base\include\VkMetaInfo.h">
      <Filter>Header Files\VkCore\MetaInfo</Filter>
    </ClInclude>
    <ClInclude Include="base\include\VkRenderpassManager.h">
      <Filter>Header Files\VkCore\Renderpass</Filter>
    </ClInclude>
    <ClInclude Include="base\include\VkSubpassFactory.h">
      <Filter>Header Files\VkCore\Renderpass\Subpass</Filter>
    </ClInclude>
    <ClInclude Include="base\include\VkSubpassWrapper.h">
      <Filter>Header Files\VkCore\Renderpass\Subpass</Filter>
    </ClInclude>
    <ClInclude Include="base\include\VkPipelineBuilder.h">
      <Filter>Header Files\VkCore\Pipeline</Filter>
    </ClInclude>
    <ClInclude Include="base\include\VkPipelineWrapper.h">
      <Filter>Header Files\VkCore\Pipeline</Filter>
    </ClInclude>
    <ClInclude Include="base\include\VkSwapchainManager.h">
      <Filter>Header Files\VkCore\Manager</Filter>
    </ClInclude>
    <ClInclude Include="base\include\VkImageBundle.h">
      <Filter>Header Files\VkCore\Image</Filter>
    </ClInclude>
    <ClInclude Include="base\include\VkTextureFactory.h">
      <Filter>Header Files\VkCore\Texture</Filter>
    </ClInclude>
    <ClInclude Include="base\include\Vk.h">
      <Filter>Header Files\VkCore</Filter>
    </ClInclude>
    <ClInclude Include="base\include\VkBufferBase.h">
      <Filter>Header Files\VkCore\Buffer</Filter>
    </ClInclude>
    <ClInclude Include="base\include\VkBufferFactory.h">
      <Filter>Header Files\VkCore\Buffer</Filter>
    </ClInclude>
    <ClInclude Include="base\include\VkBufferBundle.h">
      <Filter>Header Files\VkCore\Buffer</Filter>
    </ClInclude>
    <ClInclude Include="base\include\VkSwapchainImage.h">
      <Filter>Header Files\VkCore\Image\Images</Filter>
    </ClInclude>
    <ClInclude Include="base\include\VkExtensionUtility.h">
      <Filter>Header Files\VkCore\Utility</Filter>
    </ClInclude>
    <ClInclude Include="base\include\VkValidationUtility.h">
      <Filter>Header Files\VkCore\Utility</Filter>
    </ClInclude>
    <ClInclude Include="base\include\VkPipelineManager.h">
      <Filter>Header Files\VkCore\Pipeline</Filter>
    </ClInclude>
    <ClInclude Include="base\include\VkRenderpassWrapper.h">
      <Filter>Header Files\VkCore\Renderpass</Filter>
    </ClInclude>
    <ClInclude Include="base\include\VkRenderpassBase.h">
      <Filter>Header Files\VkCore\Renderpass</Filter>
    </ClInclude>
    <ClInclude Include="base\include\VkFactoryBundle.h">
      <Filter>Header Files\VkCore\FactoryBundle</Filter>
    </ClInclude>
    <ClInclude Include="base\include\VkGraphicsComponent.h">
      <Filter>Header Files\VkCore\Graphics</Filter>
    </ClInclude>
    <ClInclude Include="base\include\VkManagerBundle.h">
      <Filter>Header Files\VkCore\ManagerBundle</Filter>
    </ClInclude>
    <ClInclude Include="base\include\VkInstanceWrapper.h">
      <Filter>Header Files\VkCore\Instance</Filter>
    </ClInclude>
    <ClInclude Include="base\include\VkWindows.h">
      <Filter>Header Files\VkCore\Window</Filter>
    </ClInclude>
    <ClInclude Include="base\include\VkImgui.h">
      <Filter>Header Files\ImGui</Filter>
    </ClInclude>
    <ClInclude Include="base\include\VkMaterial.h">
      <Filter>Header Files\VkCore\Material</Filter>
    </ClInclude>
    <ClInclude Include="base\include\NonPbrMaterial.h">
      <Filter>Header Files\VkCore\Material</Filter>
    </ClInclude>
    <ClInclude Include="base\include\ModelStrcture.h">
      <Filter>Header Files\VkCore\Model</Filter>
    </ClInclude>
    <ClInclude Include="base\include\VkGeneralPurposeImage.h">
      <Filter>Header Files\VkCore\Image\Images</Filter>
    </ClInclude>
    <ClInclude Include="base\include\VkShaderWrapper.h">
      <Filter>Header Files\VkCore\Shaders</Filter>
    </ClInclude>
    <ClInclude Include="base\include\Bindable.h">
      <Filter>Header Files\Bindable</Filter>
    </ClInclude>
    <ClInclude Include="base\include\VkBufferCI.h">
      <Filter>Header Files\VkCore\Buffer</Filter>
    </ClInclude>
    <ClInclude Include="base\include\VkStagingBuffer.h">
      <Filter>Header Files\VkCore\Buffer\Useless</Filter>
    </ClInclude>
    <ClInclude Include="base\include\ImageParameterPack.h">
      <Filter>Header Files\VkCore\Image</Filter>
    </ClInclude>
    <ClInclude Include="base\include\VkMath.h">
      <Filter>Header Files\VkCore\Math</Filter>
    </ClInclude>
    <ClInclude Include="base\include\WindowsSubsys.h">
      <Filter>Header Files\WindowsSubsys</Filter>
    </ClInclude>
    <ClInclude Include="base\include\VkHeader.h">
      <Filter>Header Files\VkCore</Filter>
    </ClInclude>
    <ClInclude Include="base\include\App.h">
      <Filter>Header Files\Application</Filter>
    </ClInclude>
    <ClInclude Include="base\include\VkPipelinePP.h">
      <Filter>Header Files\VkCore\Pipeline\ParameterPack</Filter>
    </ClInclude>
    <ClInclude Include="base\include\ImguiPipePP.h">
      <Filter>Header Files\VkCore\Pipeline\ParameterPack</Filter>
    </ClInclude>
    <ClInclude Include="base\include\ForwardShadingPipelinePP.h">
      <Filter>Header Files\VkCore\Pipeline\ParameterPack</Filter>
    </ClInclude>
    <ClInclude Include="base\include\PbrMaterialMetallic.h">
      <Filter>Header Files\VkCore\Material</Filter>
    </ClInclude>
  </ItemGroup>
</Project>