<?xml version="1.0" encoding="utf-8"?>
<Project ToolsVersion="4.0" xmlns="http://schemas.microsoft.com/developer/msbuild/2003">
  <ItemGroup>
    <Filter Include="Source Files">
      <UniqueIdentifier>{4FC737F1-C7A5-4376-A066-2A32D752A2FF}</UniqueIdentifier>
      <Extensions>cpp;c;cc;cxx;c++;cppm;ixx;def;odl;idl;hpj;bat;asm;asmx</Extensions>
    </Filter>
    <Filter Include="Header Files">
      <UniqueIdentifier>{93995380-89BD-4b04-88EB-625FBE52EBFB}</UniqueIdentifier>
      <Extensions>h;hh;hpp;hxx;h++;hm;inl;inc;ipp;xsd</Extensions>
    </Filter>
    <Filter Include="Header Files\ImGui">
      <UniqueIdentifier>{07d189a5-c5db-4f11-b241-6e472dea3342}</UniqueIdentifier>
    </Filter>
    <Filter Include="Header Files\Renderers">
      <UniqueIdentifier>{75f5e640-21bc-4612-98fe-8b023cce93b5}</UniqueIdentifier>
    </Filter>
    <Filter Include="Header Files\Camera">
      <UniqueIdentifier>{b5e554c1-69f5-4de3-b285-98661de25c25}</UniqueIdentifier>
    </Filter>
    <Filter Include="Header Files\InputManager">
      <UniqueIdentifier>{7ed93721-316e-48ab-b4ba-2b0e0832c1fd}</UniqueIdentifier>
    </Filter>
    <Filter Include="Header Files\Texture">
      <UniqueIdentifier>{14e10ad6-753a-4943-b6a2-84e8180379c5}</UniqueIdentifier>
    </Filter>
    <Filter Include="Header Files\Model">
      <UniqueIdentifier>{0259e414-9277-4b81-bdea-a55419c5eb68}</UniqueIdentifier>
    </Filter>
    <Filter Include="Header Files\Transform">
      <UniqueIdentifier>{2112289d-a2de-44ce-a799-7a18bf435c4a}</UniqueIdentifier>
    </Filter>
    <Filter Include="Header Files\Vk">
      <UniqueIdentifier>{050df9e2-4ba4-4754-968c-a8463ad0b466}</UniqueIdentifier>
    </Filter>
    <Filter Include="Header Files\Shaders">
      <UniqueIdentifier>{d3b66d4d-7c34-4f44-b77d-580f65250ab5}</UniqueIdentifier>
    </Filter>
  </ItemGroup>
  <ItemGroup>
    <ClCompile Include="base\VkUniformBuffer.cpp">
      <Filter>Source Files</Filter>
    </ClCompile>
    <ClCompile Include="base\VkValidationManager.cpp">
      <Filter>Source Files</Filter>
    </ClCompile>
    <ClCompile Include="base\VkWindows.cpp">
      <Filter>Source Files</Filter>
    </ClCompile>
    <ClCompile Include="base\App.cpp">
      <Filter>Source Files</Filter>
    </ClCompile>
    <ClCompile Include="base\BaseRenderer.cpp">
      <Filter>Source Files</Filter>
    </ClCompile>
    <ClCompile Include="base\Camera.cpp">
      <Filter>Source Files</Filter>
    </ClCompile>
    <ClCompile Include="base\FirstPersonCamera.cpp">
      <Filter>Source Files</Filter>
    </ClCompile>
    <ClCompile Include="base\KeyBoardInputManager.cpp">
      <Filter>Source Files</Filter>
    </ClCompile>
    <ClCompile Include="base\ModelLoader.cpp">
      <Filter>Source Files</Filter>
    </ClCompile>
    <ClCompile Include="base\MouseInputManager.cpp">
      <Filter>Source Files</Filter>
    </ClCompile>
    <ClCompile Include="base\ShaderManager.cpp">
      <Filter>Source Files</Filter>
    </ClCompile>
    <ClCompile Include="base\Transform.cpp">
      <Filter>Source Files</Filter>
    </ClCompile>
    <ClCompile Include="base\VkCommandManager.cpp">
      <Filter>Source Files</Filter>
    </ClCompile>
    <ClCompile Include="base\VkDeviceManager.cpp">
      <Filter>Source Files</Filter>
    </ClCompile>
    <ClCompile Include="base\VkExtensionManager.cpp">
      <Filter>Source Files</Filter>
    </ClCompile>
    <ClCompile Include="base\VkImageWrapper.cpp">
      <Filter>Source Files</Filter>
    </ClCompile>
    <ClCompile Include="base\VkInitializer.cpp">
      <Filter>Source Files</Filter>
    </ClCompile>
    <ClCompile Include="base\VkMemoryManager.cpp">
      <Filter>Source Files</Filter>
    </ClCompile>
    <ClCompile Include="base\VkMemoryWrapper.cpp">
      <Filter>Source Files</Filter>
    </ClCompile>
    <ClCompile Include="base\VkSwapChainManager.cpp">
      <Filter>Source Files</Filter>
    </ClCompile>
    <ClCompile Include="base\GltfModel.cpp">
      <Filter>Source Files</Filter>
    </ClCompile>
    <ClCompile Include="base\VkTexture.cpp">
      <Filter>Source Files</Filter>
    </ClCompile>
    <ClCompile Include="..\..\..\vulkanExample\Vulkan\external\ktx\lib\memstream.c">
      <Filter>Source Files</Filter>
    </ClCompile>
    <ClCompile Include="..\..\..\vulkanExample\Vulkan\external\ktx\lib\swap.c">
      <Filter>Source Files</Filter>
    </ClCompile>
    <ClCompile Include="..\..\..\vulkanExample\Vulkan\external\ktx\lib\texture.c">
      <Filter>Source Files</Filter>
    </ClCompile>
    <ClCompile Include="..\..\..\vulkanExample\Vulkan\external\ktx\lib\checkheader.c">
      <Filter>Source Files</Filter>
    </ClCompile>
    <ClCompile Include="..\..\..\vulkanExample\Vulkan\external\ktx\lib\filestream.c">
      <Filter>Source Files</Filter>
    </ClCompile>
    <ClCompile Include="..\..\..\vulkanExample\Vulkan\external\ktx\lib\hashlist.c">
      <Filter>Source Files</Filter>
    </ClCompile>
  </ItemGroup>
  <ItemGroup>
    <ClInclude Include="base\include\App.h">
      <Filter>Header Files</Filter>
    </ClInclude>
    <ClInclude Include="base\include\EngineHeader.h">
      <Filter>Header Files</Filter>
    </ClInclude>
    <ClInclude Include="base\include\EngineMarco.h">
      <Filter>Header Files</Filter>
    </ClInclude>
    <ClInclude Include="base\include\Camera.h">
      <Filter>Header Files\Camera</Filter>
    </ClInclude>
    <ClInclude Include="base\include\BaseRenderer.h">
      <Filter>Header Files\Renderers</Filter>
    </ClInclude>
    <ClInclude Include="base\include\ModelLoader.h">
      <Filter>Header Files\Model</Filter>
    </ClInclude>
    <ClInclude Include="base\include\VkModel.h">
      <Filter>Header Files\Model</Filter>
    </ClInclude>
    <ClInclude Include="base\include\MouseInputManager.h">
      <Filter>Header Files\InputManager</Filter>
    </ClInclude>
    <ClInclude Include="base\include\KeyBoardInputManager.h">
      <Filter>Header Files\InputManager</Filter>
    </ClInclude>
    <ClInclude Include="base\include\Transform.h">
      <Filter>Header Files\Transform</Filter>
    </ClInclude>
    <ClInclude Include="base\include\FirstPersonCamera.h">
      <Filter>Header Files\Camera</Filter>
    </ClInclude>
    <ClInclude Include="base\include\ShaderManager.h">
      <Filter>Header Files\Shaders</Filter>
    </ClInclude>
    <ClInclude Include="base\include\VkCommandManager.h">
      <Filter>Header Files\Vk</Filter>
    </ClInclude>
    <ClInclude Include="base\include\VkDeviceManager.h">
      <Filter>Header Files\Vk</Filter>
    </ClInclude>
    <ClInclude Include="base\include\VkExtensionManager.h">
      <Filter>Header Files\Vk</Filter>
    </ClInclude>
    <ClInclude Include="base\include\VkWindows.h">
      <Filter>Header Files\Vk</Filter>
    </ClInclude>
    <ClInclude Include="base\include\VkValidationManager.h">
      <Filter>Header Files\Vk</Filter>
    </ClInclude>
    <ClInclude Include="base\include\VkUniformBuffer.h">
      <Filter>Header Files\Vk</Filter>
    </ClInclude>
    <ClInclude Include="base\include\VkSwapChainManager.h">
      <Filter>Header Files\Vk</Filter>
    </ClInclude>
    <ClInclude Include="base\include\VkMemoryWrapper.h">
      <Filter>Header Files\Vk</Filter>
    </ClInclude>
    <ClInclude Include="base\include\VkMemoryManager.h">
      <Filter>Header Files\Vk</Filter>
    </ClInclude>
    <ClInclude Include="base\include\VkInitializer.h">
      <Filter>Header Files\Vk</Filter>
    </ClInclude>
    <ClInclude Include="base\include\VkImageWrapper.h">
      <Filter>Header Files\Vk</Filter>
    </ClInclude>
    <ClInclude Include="base\include\GltfModel.h">
      <Filter>Header Files\Model</Filter>
    </ClInclude>
    <ClInclude Include="base\include\VkTexture.h">
      <Filter>Header Files\Texture</Filter>
    </ClInclude>
  </ItemGroup>
</Project>