
Microsoft Visual Studio Solution File, Format Version 12.00
# Visual Studio Version 16
VisualStudioVersion = 16.0.31019.35
MinimumVisualStudioVersion = 10.0.40219.1
Project("{8BC9CEB8-8B4A-11D0-8D11-00A0C91BC942}") = "Base", "WindowsProject1.vcxproj", "{49DF340C-46BC-43E2-8DB4-09E805354F9F}"
EndProject
Project("{8BC9CEB8-8B4A-11D0-8D11-00A0C91BC942}") = "MultiSubpasses", "examples\MultiSubpasses\MultiSubpasses.vcxproj", "{4B305514-BC23-46F2-A16E-5088A5BF20AA}"
	ProjectSection(ProjectDependencies) = postProject
		{49DF340C-46BC-43E2-8DB4-09E805354F9F} = {49DF340C-46BC-43E2-8DB4-09E805354F9F}
	EndProjectSection
EndProject
Project("{8BC9CEB8-8B4A-11D0-8D11-00A0C91BC942}") = "ShadowMapping", "examples\ShadowMapping\ShadowMapping.vcxproj", "{3D0F178A-58CB-4005-9AAD-578E23B5247D}"
	ProjectSection(ProjectDependencies) = postProject
		{49DF340C-46BC-43E2-8DB4-09E805354F9F} = {49DF340C-46BC-43E2-8DB4-09E805354F9F}
	EndProjectSection
EndProject
Project("{8BC9CEB8-8B4A-11D0-8D11-00A0C91BC942}") = "KTXTexture", "examples\KTXTexture\KTXTexture.vcxproj", "{AF95DE8A-E8B7-404E-86D4-10BFCDB65406}"
	ProjectSection(ProjectDependencies) = postProject
		{49DF340C-46BC-43E2-8DB4-09E805354F9F} = {49DF340C-46BC-43E2-8DB4-09E805354F9F}
	EndProjectSection
EndProject
Project("{8BC9CEB8-8B4A-11D0-8D11-00A0C91BC942}") = "SceneLoading", "examples\SceneLoading\SceneLoading.vcxproj", "{D1697C77-7316-4706-9596-8A79CA22ED47}"
	ProjectSection(ProjectDependencies) = postProject
		{49DF340C-46BC-43E2-8DB4-09E805354F9F} = {49DF340C-46BC-43E2-8DB4-09E805354F9F}
	EndProjectSection
EndProject
Project("{8BC9CEB8-8B4A-11D0-8D11-00A0C91BC942}") = "DeferedRendering", "examples\DeferedRendering\DeferedRendering.vcxproj", "{32D0751D-B9FA-4FB4-A4C3-94075A9CFC3C}"
	ProjectSection(ProjectDependencies) = postProject
		{49DF340C-46BC-43E2-8DB4-09E805354F9F} = {49DF340C-46BC-43E2-8DB4-09E805354F9F}
	EndProjectSection
EndProject
Project("{2150E333-8FDC-42A3-9474-1A3956D46DE8}") = "Solution Items", "Solution Items", "{3B048FD4-735C-4B4D-B08C-60936BB45813}"
	ProjectSection(SolutionItems) = preProject
		.editorconfig = .editorconfig
	EndProjectSection
EndProject
Global
	GlobalSection(SolutionConfigurationPlatforms) = preSolution
		Debug|x64 = Debug|x64
		Debug|x86 = Debug|x86
		Release|x64 = Release|x64
		Release|x86 = Release|x86
	EndGlobalSection
	GlobalSection(ProjectConfigurationPlatforms) = postSolution
		{49DF340C-46BC-43E2-8DB4-09E805354F9F}.Debug|x64.ActiveCfg = Debug|x64
		{49DF340C-46BC-43E2-8DB4-09E805354F9F}.Debug|x64.Build.0 = Debug|x64
		{49DF340C-46BC-43E2-8DB4-09E805354F9F}.Debug|x86.ActiveCfg = Debug|Win32
		{49DF340C-46BC-43E2-8DB4-09E805354F9F}.Debug|x86.Build.0 = Debug|Win32
		{49DF340C-46BC-43E2-8DB4-09E805354F9F}.Release|x64.ActiveCfg = Release|x64
		{49DF340C-46BC-43E2-8DB4-09E805354F9F}.Release|x64.Build.0 = Release|x64
		{49DF340C-46BC-43E2-8DB4-09E805354F9F}.Release|x86.ActiveCfg = Release|Win32
		{49DF340C-46BC-43E2-8DB4-09E805354F9F}.Release|x86.Build.0 = Release|Win32
		{4B305514-BC23-46F2-A16E-5088A5BF20AA}.Debug|x64.ActiveCfg = Debug|x64
		{4B305514-BC23-46F2-A16E-5088A5BF20AA}.Debug|x64.Build.0 = Debug|x64
		{4B305514-BC23-46F2-A16E-5088A5BF20AA}.Debug|x86.ActiveCfg = Debug|Win32
		{4B305514-BC23-46F2-A16E-5088A5BF20AA}.Debug|x86.Build.0 = Debug|Win32
		{4B305514-BC23-46F2-A16E-5088A5BF20AA}.Release|x64.ActiveCfg = Release|x64
		{4B305514-BC23-46F2-A16E-5088A5BF20AA}.Release|x64.Build.0 = Release|x64
		{4B305514-BC23-46F2-A16E-5088A5BF20AA}.Release|x86.ActiveCfg = Release|Win32
		{4B305514-BC23-46F2-A16E-5088A5BF20AA}.Release|x86.Build.0 = Release|Win32
		{3D0F178A-58CB-4005-9AAD-578E23B5247D}.Debug|x64.ActiveCfg = Debug|x64
		{3D0F178A-58CB-4005-9AAD-578E23B5247D}.Debug|x64.Build.0 = Debug|x64
		{3D0F178A-58CB-4005-9AAD-578E23B5247D}.Debug|x86.ActiveCfg = Debug|Win32
		{3D0F178A-58CB-4005-9AAD-578E23B5247D}.Debug|x86.Build.0 = Debug|Win32
		{3D0F178A-58CB-4005-9AAD-578E23B5247D}.Release|x64.ActiveCfg = Release|x64
		{3D0F178A-58CB-4005-9AAD-578E23B5247D}.Release|x64.Build.0 = Release|x64
		{3D0F178A-58CB-4005-9AAD-578E23B5247D}.Release|x86.ActiveCfg = Release|Win32
		{3D0F178A-58CB-4005-9AAD-578E23B5247D}.Release|x86.Build.0 = Release|Win32
		{AF95DE8A-E8B7-404E-86D4-10BFCDB65406}.Debug|x64.ActiveCfg = Debug|x64
		{AF95DE8A-E8B7-404E-86D4-10BFCDB65406}.Debug|x64.Build.0 = Debug|x64
		{AF95DE8A-E8B7-404E-86D4-10BFCDB65406}.Debug|x86.ActiveCfg = Debug|Win32
		{AF95DE8A-E8B7-404E-86D4-10BFCDB65406}.Debug|x86.Build.0 = Debug|Win32
		{AF95DE8A-E8B7-404E-86D4-10BFCDB65406}.Release|x64.ActiveCfg = Release|x64
		{AF95DE8A-E8B7-404E-86D4-10BFCDB65406}.Release|x64.Build.0 = Release|x64
		{AF95DE8A-E8B7-404E-86D4-10BFCDB65406}.Release|x86.ActiveCfg = Release|Win32
		{AF95DE8A-E8B7-404E-86D4-10BFCDB65406}.Release|x86.Build.0 = Release|Win32
		{D1697C77-7316-4706-9596-8A79CA22ED47}.Debug|x64.ActiveCfg = Debug|x64
		{D1697C77-7316-4706-9596-8A79CA22ED47}.Debug|x64.Build.0 = Debug|x64
		{D1697C77-7316-4706-9596-8A79CA22ED47}.Debug|x86.ActiveCfg = Debug|Win32
		{D1697C77-7316-4706-9596-8A79CA22ED47}.Debug|x86.Build.0 = Debug|Win32
		{D1697C77-7316-4706-9596-8A79CA22ED47}.Release|x64.ActiveCfg = Release|x64
		{D1697C77-7316-4706-9596-8A79CA22ED47}.Release|x64.Build.0 = Release|x64
		{D1697C77-7316-4706-9596-8A79CA22ED47}.Release|x86.ActiveCfg = Release|Win32
		{D1697C77-7316-4706-9596-8A79CA22ED47}.Release|x86.Build.0 = Release|Win32
		{32D0751D-B9FA-4FB4-A4C3-94075A9CFC3C}.Debug|x64.ActiveCfg = Debug|x64
		{32D0751D-B9FA-4FB4-A4C3-94075A9CFC3C}.Debug|x64.Build.0 = Debug|x64
		{32D0751D-B9FA-4FB4-A4C3-94075A9CFC3C}.Debug|x86.ActiveCfg = Debug|Win32
		{32D0751D-B9FA-4FB4-A4C3-94075A9CFC3C}.Debug|x86.Build.0 = Debug|Win32
		{32D0751D-B9FA-4FB4-A4C3-94075A9CFC3C}.Release|x64.ActiveCfg = Release|x64
		{32D0751D-B9FA-4FB4-A4C3-94075A9CFC3C}.Release|x64.Build.0 = Release|x64
		{32D0751D-B9FA-4FB4-A4C3-94075A9CFC3C}.Release|x86.ActiveCfg = Release|Win32
		{32D0751D-B9FA-4FB4-A4C3-94075A9CFC3C}.Release|x86.Build.0 = Release|Win32
	EndGlobalSection
	GlobalSection(SolutionProperties) = preSolution
		HideSolutionNode = FALSE
	EndGlobalSection
	GlobalSection(ExtensibilityGlobals) = postSolution
		SolutionGuid = {A8AFB870-A5DF-40B4-A15F-6E1DF14368D7}
	EndGlobalSection
EndGlobal
