<?xml version="1.0" encoding="utf-8"?>
<Project ToolsVersion="4.0" xmlns="http://schemas.microsoft.com/developer/msbuild/2003">
  <ItemGroup>
    <Filter Include="Source Files">
      <UniqueIdentifier>{4FC737F1-C7A5-4376-A066-2A32D752A2FF}</UniqueIdentifier>
      <Extensions>cpp;c;cc;cxx;c++;cppm;ixx;def;odl;idl;hpj;bat;asm;asmx</Extensions>
    </Filter>
    <Filter Include="Header Files">
      <UniqueIdentifier>{93995380-89BD-4b04-88EB-625FBE52EBFB}</UniqueIdentifier>
      <Extensions>h;hh;hpp;hxx;h++;hm;inl;inc;ipp;xsd</Extensions>
    </Filter>
    <Filter Include="Resource Files">
      <UniqueIdentifier>{67DA6AB6-F800-4c08-8B7A-83BB121AAD01}</UniqueIdentifier>
      <Extensions>rc;ico;cur;bmp;dlg;rc2;rct;bin;rgs;gif;jpg;jpeg;jpe;resx;tiff;tif;png;wav;mfcribbon-ms</Extensions>
    </Filter>
    <Filter Include="Header Files\PbrRenderpasses">
      <UniqueIdentifier>{e835c074-9882-4bc8-b595-5bff523ec1f6}</UniqueIdentifier>
    </Filter>
    <Filter Include="Header Files\App">
      <UniqueIdentifier>{50ddea24-6256-4d6d-892e-7dbcb1edaef0}</UniqueIdentifier>
    </Filter>
    <Filter Include="Header Files\Renderer">
      <UniqueIdentifier>{9f2d9b4d-cc63-4c7b-956e-49f7c88063fc}</UniqueIdentifier>
    </Filter>
    <Filter Include="Resource Files\Shader Files">
      <UniqueIdentifier>{0f69ade3-ec7e-43c5-9b8e-4ae703ef3baa}</UniqueIdentifier>
    </Filter>
    <Filter Include="Resource Files\Shader Files\glsl">
      <UniqueIdentifier>{b3dbd6d4-72f7-431a-a822-b3450057d5e6}</UniqueIdentifier>
    </Filter>
    <Filter Include="Resource Files\Shader Files\PbrRendering">
      <UniqueIdentifier>{8c91664f-4dd4-4373-a84f-73509d4f21cf}</UniqueIdentifier>
    </Filter>
    <Filter Include="Header Files\RenderingMetaInfo">
      <UniqueIdentifier>{3c716580-2837-4b36-a2f0-4ff22ac87906}</UniqueIdentifier>
    </Filter>
    <Filter Include="Header Files\DeferedRenderingPasses">
      <UniqueIdentifier>{1993b39f-489c-4693-84d6-cac3ba9950c4}</UniqueIdentifier>
    </Filter>
    <Filter Include="Resource Files\Shader Files\DeferedRendering">
      <UniqueIdentifier>{fd339df4-d91e-478f-ba48-1f41c3ba7721}</UniqueIdentifier>
    </Filter>
    <Filter Include="Resource Files\Shader Files\MSAA">
      <UniqueIdentifier>{5e7d0384-9f5f-478c-bfb4-9157ad4e15c1}</UniqueIdentifier>
    </Filter>
    <Filter Include="Header Files\MSAAPasses">
      <UniqueIdentifier>{06a4ab24-7595-4888-a785-94e8f17b0027}</UniqueIdentifier>
    </Filter>
    <Filter Include="Resource Files\Shader Files\DeferedRendering\BindlessRendering">
      <UniqueIdentifier>{9ac1e8e9-e63b-4f5e-97da-13802a5faf3a}</UniqueIdentifier>
    </Filter>
  </ItemGroup>
  <ItemGroup>
    <ClCompile Include="GraphicsApp.cpp">
      <Filter>Source Files</Filter>
    </ClCompile>
    <ClCompile Include="main.cpp">
      <Filter>Source Files</Filter>
    </ClCompile>
    <ClCompile Include="Renderer.cpp">
      <Filter>Source Files</Filter>
    </ClCompile>
    <ClCompile Include="PbrRenderingPass.cpp">
      <Filter>Source Files</Filter>
    </ClCompile>
    <ClCompile Include="RenderingMetaInfo.cpp">
      <Filter>Source Files</Filter>
    </ClCompile>
    <ClCompile Include="IrradianceMapGenPass.cpp">
      <Filter>Source Files</Filter>
    </ClCompile>
    <ClCompile Include="PrefilterAndLUTMapGenPass.cpp">
      <Filter>Source Files</Filter>
    </ClCompile>
    <ClCompile Include="DeferedGeometryPass.cpp">
      <Filter>Source Files</Filter>
    </ClCompile>
    <ClCompile Include="DeferedCompositionPass.cpp">
      <Filter>Source Files</Filter>
    </ClCompile>
    <ClCompile Include="MSAAPass.cpp">
      <Filter>Source Files</Filter>
    </ClCompile>
  </ItemGroup>
  <ItemGroup>
    <ClInclude Include="IrradianceMapGenPass.h">
      <Filter>Header Files\PbrRenderpasses</Filter>
    </ClInclude>
    <ClInclude Include="PbrRenderingPass.h">
      <Filter>Header Files\PbrRenderpasses</Filter>
    </ClInclude>
    <ClInclude Include="PrefilterAndLUTMapGenPass.h">
      <Filter>Header Files\PbrRenderpasses</Filter>
    </ClInclude>
    <ClInclude Include="GraphicsApp.h">
      <Filter>Header Files\App</Filter>
    </ClInclude>
    <ClInclude Include="Renderer.h">
      <Filter>Header Files\Renderer</Filter>
    </ClInclude>
    <ClInclude Include="RenderingMetaInfo.h">
      <Filter>Header Files\RenderingMetaInfo</Filter>
    </ClInclude>
    <ClInclude Include="DeferedGeometryPass.h">
      <Filter>Header Files\DeferedRenderingPasses</Filter>
    </ClInclude>
    <ClInclude Include="DeferedCompositionPass.h">
      <Filter>Header Files\DeferedRenderingPasses</Filter>
    </ClInclude>
    <ClInclude Include="MSAAPass.h">
      <Filter>Header Files\MSAAPasses</Filter>
    </ClInclude>
  </ItemGroup>
  <ItemGroup>
    <None Include="..\..\data\shaders\SceneLoading\PreProcessPass_fragment_shader.frag">
      <Filter>Resource Files\Shader Files\glsl</Filter>
    </None>
    <None Include="..\..\data\shaders\SceneLoading\PreProcessPass_vertex_shader.vert">
      <Filter>Resource Files\Shader Files\glsl</Filter>
    </None>
    <None Include="..\..\data\shaders\SceneLoading\SceneLoading_fragment_shader.frag">
      <Filter>Resource Files\Shader Files\glsl</Filter>
    </None>
    <None Include="..\..\data\shaders\SceneLoading\SceneLoading_vertex_shader.vert">
      <Filter>Resource Files\Shader Files\glsl</Filter>
    </None>
    <None Include="..\..\data\shaders\SceneLoading\LightIndicator_fragment_shader.frag">
      <Filter>Resource Files\Shader Files\glsl</Filter>
    </None>
    <None Include="..\..\data\shaders\SceneLoading\LightIndicator_vertex_shader.vert">
      <Filter>Resource Files\Shader Files\glsl</Filter>
    </None>
    <None Include="..\..\data\shaderbat\SceneLoadingCompile.bat">
      <Filter>Resource Files\Shader Files\glsl</Filter>
    </None>
  </ItemGroup>
  <ItemGroup>
    <FxCompile Include="..\..\data\shaders\SceneLoading\ConvolutedIrradiance_frag.hlsl">
      <Filter>Resource Files\Shader Files\PbrRendering</Filter>
    </FxCompile>
    <FxCompile Include="..\..\data\shaders\SceneLoading\ConvolutedIrradiance_vert.hlsl">
      <Filter>Resource Files\Shader Files\PbrRendering</Filter>
    </FxCompile>
    <FxCompile Include="..\..\data\shaders\SceneLoading\EquiToCubeMap_frag.hlsl">
      <Filter>Resource Files\Shader Files\PbrRendering</Filter>
    </FxCompile>
    <FxCompile Include="..\..\data\shaders\SceneLoading\EquiToCubeMap_vert.hlsl">
      <Filter>Resource Files\Shader Files\PbrRendering</Filter>
    </FxCompile>
    <FxCompile Include="..\..\data\shaders\SceneLoading\LUT_frag.hlsl">
      <Filter>Resource Files\Shader Files\PbrRendering</Filter>
    </FxCompile>
    <FxCompile Include="..\..\data\shaders\SceneLoading\LUT_vert.hlsl">
      <Filter>Resource Files\Shader Files\PbrRendering</Filter>
    </FxCompile>
    <FxCompile Include="..\..\data\shaders\SceneLoading\PbrShading_frag.hlsl">
      <Filter>Resource Files\Shader Files\PbrRendering</Filter>
    </FxCompile>
    <FxCompile Include="..\..\data\shaders\SceneLoading\PbrShading_vert.hlsl">
      <Filter>Resource Files\Shader Files\PbrRendering</Filter>
    </FxCompile>
    <FxCompile Include="..\..\data\shaders\SceneLoading\Prefiltering_frag.hlsl">
      <Filter>Resource Files\Shader Files\PbrRendering</Filter>
    </FxCompile>
    <FxCompile Include="..\..\data\shaders\SceneLoading\Prefiltering_vert.hlsl">
      <Filter>Resource Files\Shader Files\PbrRendering</Filter>
    </FxCompile>
    <FxCompile Include="..\..\data\shaders\SceneLoading\SkyBox_frag.hlsl">
      <Filter>Resource Files\Shader Files\PbrRendering</Filter>
    </FxCompile>
    <FxCompile Include="..\..\data\shaders\SceneLoading\SkyBox_vert.hlsl">
      <Filter>Resource Files\Shader Files\PbrRendering</Filter>
    </FxCompile>
    <FxCompile Include="..\..\data\shaders\MSAA\MSAA_vert.hlsl">
      <Filter>Resource Files\Shader Files\MSAA</Filter>
    </FxCompile>
    <FxCompile Include="..\..\data\shaders\MSAA\MSAA_frag.hlsl">
      <Filter>Resource Files\Shader Files\MSAA</Filter>
    </FxCompile>
    <FxCompile Include="..\..\data\shaders\DeferedRendering\DeferedGeoPass_frag.hlsl">
      <Filter>Resource Files\Shader Files\DeferedRendering</Filter>
    </FxCompile>
    <FxCompile Include="..\..\data\shaders\DeferedRendering\DeferedGeoPass_vert.hlsl">
      <Filter>Resource Files\Shader Files\DeferedRendering</Filter>
    </FxCompile>
    <FxCompile Include="..\..\data\shaders\DeferedRendering\DeferedComPass_frag.hlsl">
      <Filter>Resource Files\Shader Files\DeferedRendering</Filter>
    </FxCompile>
    <FxCompile Include="..\..\data\shaders\DeferedRendering\DeferedComPass_vert.hlsl">
      <Filter>Resource Files\Shader Files\DeferedRendering</Filter>
    </FxCompile>
    <FxCompile Include="..\..\data\shaders\DeferedRendering\DeferedComStencilWrite_frag.hlsl">
      <Filter>Resource Files\Shader Files\DeferedRendering</Filter>
    </FxCompile>
    <FxCompile Include="..\..\data\shaders\DeferedRendering\DeferedComStencilWrite_vert.hlsl">
      <Filter>Resource Files\Shader Files\DeferedRendering</Filter>
    </FxCompile>
    <FxCompile Include="..\..\data\shaders\DeferedRendering\DeferedComPerSample_frag.hlsl">
      <Filter>Resource Files\Shader Files\DeferedRendering</Filter>
    </FxCompile>
    <FxCompile Include="..\..\data\shaders\DeferedRendering\DeferedComPerSample_vert.hlsl">
      <Filter>Resource Files\Shader Files\DeferedRendering</Filter>
    </FxCompile>
    <FxCompile Include="..\..\data\shaders\DeferedRendering\DeferedComPerFrag_vert.hlsl">
      <Filter>Resource Files\Shader Files\DeferedRendering</Filter>
    </FxCompile>
    <FxCompile Include="..\..\data\shaders\DeferedRendering\DeferedComPerFrag_frag.hlsl">
      <Filter>Resource Files\Shader Files\DeferedRendering</Filter>
    </FxCompile>
    <FxCompile Include="..\..\data\shaders\DeferedRendering\BindlessRenderingShader\DeferedComPerSample_frag.hlsl">
      <Filter>Resource Files\Shader Files\DeferedRendering\BindlessRendering</Filter>
    </FxCompile>
    <FxCompile Include="..\..\data\shaders\DeferedRendering\BindlessRenderingShader\DeferedComPerSample_vert.hlsl">
      <Filter>Resource Files\Shader Files\DeferedRendering\BindlessRendering</Filter>
    </FxCompile>
    <FxCompile Include="..\..\data\shaders\DeferedRendering\BindlessRenderingShader\DeferedComStencilWrite_frag.hlsl">
      <Filter>Resource Files\Shader Files\DeferedRendering\BindlessRendering</Filter>
    </FxCompile>
    <FxCompile Include="..\..\data\shaders\DeferedRendering\BindlessRenderingShader\DeferedComStencilWrite_vert.hlsl">
      <Filter>Resource Files\Shader Files\DeferedRendering\BindlessRendering</Filter>
    </FxCompile>
    <FxCompile Include="..\..\data\shaders\DeferedRendering\BindlessRenderingShader\DeferedGeoPass_frag.hlsl">
      <Filter>Resource Files\Shader Files\DeferedRendering\BindlessRendering</Filter>
    </FxCompile>
    <FxCompile Include="..\..\data\shaders\DeferedRendering\BindlessRenderingShader\DeferedGeoPass_vert.hlsl">
      <Filter>Resource Files\Shader Files\DeferedRendering\BindlessRendering</Filter>
    </FxCompile>
    <FxCompile Include="..\..\data\shaders\DeferedRendering\BindlessRenderingShader\DeferedComPass_frag.hlsl">
      <Filter>Resource Files\Shader Files\DeferedRendering\BindlessRendering</Filter>
    </FxCompile>
    <FxCompile Include="..\..\data\shaders\DeferedRendering\BindlessRenderingShader\DeferedComPass_vert.hlsl">
      <Filter>Resource Files\Shader Files\DeferedRendering\BindlessRendering</Filter>
    </FxCompile>
    <FxCompile Include="..\..\data\shaders\DeferedRendering\BindlessRenderingShader\DeferedComPerFrag_frag.hlsl">
      <Filter>Resource Files\Shader Files\DeferedRendering\BindlessRendering</Filter>
    </FxCompile>
    <FxCompile Include="..\..\data\shaders\DeferedRendering\BindlessRenderingShader\DeferedComPerFrag_vert.hlsl">
      <Filter>Resource Files\Shader Files\DeferedRendering\BindlessRendering</Filter>
    </FxCompile>
  </ItemGroup>
</Project>